# THIS IS AN AUTOGENERATED FILE. DO NOT EDIT THIS FILE DIRECTLY.
# yarn lockfile v1


accepts@^1.2.2:
  version "1.3.3"
  resolved "https://r.cnpmjs.org/accepts/download/accepts-1.3.3.tgz#c3ca7434938648c3e0d9c1e328dd68b622c284ca"
  dependencies:
    mime-types "~2.1.11"
    negotiator "0.6.1"

ansi-regex@^2.0.0:
  version "2.1.1"
  resolved "https://r.cnpmjs.org/ansi-regex/download/ansi-regex-2.1.1.tgz#c3b33ab5ee360d86e0e628f0468ae7ef27d654df"

ansi-styles@^2.2.1:
  version "2.2.1"
  resolved "https://r.cnpmjs.org/ansi-styles/download/ansi-styles-2.2.1.tgz#b432dd3358b634cf75e1e4664368240533c1ddbe"

any-promise@^1.1.0:
  version "1.3.0"
  resolved "https://r.cnpmjs.org/any-promise/download/any-promise-1.3.0.tgz#abc6afeedcea52e809cdc0376aed3ce39635d17f"

axios@^0.15.3:
  version "0.15.3"
  resolved "https://r.cnpmjs.org/axios/download/axios-0.15.3.tgz#2c9d638b2e191a08ea1d6cc988eadd6ba5bdc053"
  dependencies:
    follow-redirects "1.0.0"

babel-code-frame@^6.22.0, babel-code-frame@^6.8.0:
  version "6.22.0"
  resolved "https://r.cnpmjs.org/babel-code-frame/download/babel-code-frame-6.22.0.tgz#027620bee567a88c32561574e7fd0801d33118e4"
  dependencies:
    chalk "^1.1.0"
    esutils "^2.0.2"
    js-tokens "^3.0.0"

babel-core@6.13.2:
  version "6.13.2"
  resolved "https://r.cnpmjs.org/babel-core/download/babel-core-6.13.2.tgz#f761e1199361d5a6ed16f93ce801ad50acadb338"
  dependencies:
    babel-code-frame "^6.8.0"
    babel-generator "^6.11.4"
    babel-helpers "^6.8.0"
    babel-messages "^6.8.0"
    babel-register "^6.9.0"
    babel-runtime "^6.9.1"
    babel-template "^6.9.0"
    babel-traverse "^6.13.0"
    babel-types "^6.13.0"
    babylon "^6.7.0"
    convert-source-map "^1.1.0"
    debug "^2.1.1"
    json5 "^0.4.0"
    lodash "^4.2.0"
    minimatch "^3.0.2"
    path-exists "^1.0.0"
    path-is-absolute "^1.0.0"
    private "^0.1.6"
    shebang-regex "^1.0.0"
    slash "^1.0.0"
    source-map "^0.5.0"

babel-core@^6.24.0:
  version "6.24.0"
  resolved "https://r.cnpmjs.org/babel-core/download/babel-core-6.24.0.tgz#8f36a0a77f5c155aed6f920b844d23ba56742a02"
  dependencies:
    babel-code-frame "^6.22.0"
    babel-generator "^6.24.0"
    babel-helpers "^6.23.0"
    babel-messages "^6.23.0"
    babel-register "^6.24.0"
    babel-runtime "^6.22.0"
    babel-template "^6.23.0"
    babel-traverse "^6.23.1"
    babel-types "^6.23.0"
    babylon "^6.11.0"
    convert-source-map "^1.1.0"
    debug "^2.1.1"
    json5 "^0.5.0"
    lodash "^4.2.0"
    minimatch "^3.0.2"
    path-is-absolute "^1.0.0"
    private "^0.1.6"
    slash "^1.0.0"
    source-map "^0.5.0"

babel-generator@^6.11.4, babel-generator@^6.24.0:
  version "6.24.0"
  resolved "https://r.cnpmjs.org/babel-generator/download/babel-generator-6.24.0.tgz#eba270a8cc4ce6e09a61be43465d7c62c1f87c56"
  dependencies:
    babel-messages "^6.23.0"
    babel-runtime "^6.22.0"
    babel-types "^6.23.0"
    detect-indent "^4.0.0"
    jsesc "^1.3.0"
    lodash "^4.2.0"
    source-map "^0.5.0"
    trim-right "^1.0.1"

babel-helper-builder-binary-assignment-operator-visitor@^6.22.0:
  version "6.22.0"
  resolved "https://r.cnpmjs.org/babel-helper-builder-binary-assignment-operator-visitor/download/babel-helper-builder-binary-assignment-operator-visitor-6.22.0.tgz#29df56be144d81bdeac08262bfa41d2c5e91cdcd"
  dependencies:
    babel-helper-explode-assignable-expression "^6.22.0"
    babel-runtime "^6.22.0"
    babel-types "^6.22.0"

babel-helper-call-delegate@^6.22.0:
  version "6.22.0"
  resolved "https://r.cnpmjs.org/babel-helper-call-delegate/download/babel-helper-call-delegate-6.22.0.tgz#119921b56120f17e9dae3f74b4f5cc7bcc1b37ef"
  dependencies:
    babel-helper-hoist-variables "^6.22.0"
    babel-runtime "^6.22.0"
    babel-traverse "^6.22.0"
    babel-types "^6.22.0"

babel-helper-explode-assignable-expression@^6.22.0:
  version "6.22.0"
  resolved "https://r.cnpmjs.org/babel-helper-explode-assignable-expression/download/babel-helper-explode-assignable-expression-6.22.0.tgz#c97bf76eed3e0bae4048121f2b9dae1a4e7d0478"
  dependencies:
    babel-runtime "^6.22.0"
    babel-traverse "^6.22.0"
    babel-types "^6.22.0"

babel-helper-function-name@^6.22.0:
  version "6.23.0"
  resolved "https://r.cnpmjs.org/babel-helper-function-name/download/babel-helper-function-name-6.23.0.tgz#25742d67175c8903dbe4b6cb9d9e1fcb8dcf23a6"
  dependencies:
    babel-helper-get-function-arity "^6.22.0"
    babel-runtime "^6.22.0"
    babel-template "^6.23.0"
    babel-traverse "^6.23.0"
    babel-types "^6.23.0"

babel-helper-get-function-arity@^6.22.0:
  version "6.22.0"
  resolved "https://r.cnpmjs.org/babel-helper-get-function-arity/download/babel-helper-get-function-arity-6.22.0.tgz#0beb464ad69dc7347410ac6ade9f03a50634f5ce"
  dependencies:
    babel-runtime "^6.22.0"
    babel-types "^6.22.0"

babel-helper-hoist-variables@^6.22.0:
  version "6.22.0"
  resolved "https://r.cnpmjs.org/babel-helper-hoist-variables/download/babel-helper-hoist-variables-6.22.0.tgz#3eacbf731d80705845dd2e9718f600cfb9b4ba72"
  dependencies:
    babel-runtime "^6.22.0"
    babel-types "^6.22.0"

babel-helper-remap-async-to-generator@^6.22.0:
  version "6.22.0"
  resolved "https://r.cnpmjs.org/babel-helper-remap-async-to-generator/download/babel-helper-remap-async-to-generator-6.22.0.tgz#2186ae73278ed03b8b15ced089609da981053383"
  dependencies:
    babel-helper-function-name "^6.22.0"
    babel-runtime "^6.22.0"
    babel-template "^6.22.0"
    babel-traverse "^6.22.0"
    babel-types "^6.22.0"

babel-helpers@^6.23.0, babel-helpers@^6.8.0:
  version "6.23.0"
  resolved "https://r.cnpmjs.org/babel-helpers/download/babel-helpers-6.23.0.tgz#4f8f2e092d0b6a8808a4bde79c27f1e2ecf0d992"
  dependencies:
    babel-runtime "^6.22.0"
    babel-template "^6.23.0"

babel-messages@^6.23.0, babel-messages@^6.8.0:
  version "6.23.0"
  resolved "https://r.cnpmjs.org/babel-messages/download/babel-messages-6.23.0.tgz#f3cdf4703858035b2a2951c6ec5edf6c62f2630e"
  dependencies:
    babel-runtime "^6.22.0"

babel-plugin-syntax-async-functions@^6.8.0:
  version "6.13.0"
  resolved "https://r.cnpmjs.org/babel-plugin-syntax-async-functions/download/babel-plugin-syntax-async-functions-6.13.0.tgz#cad9cad1191b5ad634bf30ae0872391e0647be95"

babel-plugin-syntax-exponentiation-operator@^6.8.0:
  version "6.13.0"
  resolved "https://r.cnpmjs.org/babel-plugin-syntax-exponentiation-operator/download/babel-plugin-syntax-exponentiation-operator-6.13.0.tgz#9ee7e8337290da95288201a6a57f4170317830de"

babel-plugin-transform-async-to-generator@^6.3.13:
  version "6.22.0"
  resolved "https://r.cnpmjs.org/babel-plugin-transform-async-to-generator/download/babel-plugin-transform-async-to-generator-6.22.0.tgz#194b6938ec195ad36efc4c33a971acf00d8cd35e"
  dependencies:
    babel-helper-remap-async-to-generator "^6.22.0"
    babel-plugin-syntax-async-functions "^6.8.0"
    babel-runtime "^6.22.0"

babel-plugin-transform-es2015-destructuring@^6.6.5:
  version "6.23.0"
  resolved "https://r.cnpmjs.org/babel-plugin-transform-es2015-destructuring/download/babel-plugin-transform-es2015-destructuring-6.23.0.tgz#997bb1f1ab967f682d2b0876fe358d60e765c56d"
  dependencies:
    babel-runtime "^6.22.0"

babel-plugin-transform-es2015-function-name@^6.5.0:
  version "6.22.0"
  resolved "https://r.cnpmjs.org/babel-plugin-transform-es2015-function-name/download/babel-plugin-transform-es2015-function-name-6.22.0.tgz#f5fcc8b09093f9a23c76ac3d9e392c3ec4b77104"
  dependencies:
    babel-helper-function-name "^6.22.0"
    babel-runtime "^6.22.0"
    babel-types "^6.22.0"

babel-plugin-transform-es2015-modules-commonjs@^6.7.4:
  version "6.24.0"
  resolved "https://r.cnpmjs.org/babel-plugin-transform-es2015-modules-commonjs/download/babel-plugin-transform-es2015-modules-commonjs-6.24.0.tgz#e921aefb72c2cc26cb03d107626156413222134f"
  dependencies:
    babel-plugin-transform-strict-mode "^6.22.0"
    babel-runtime "^6.22.0"
    babel-template "^6.23.0"
    babel-types "^6.23.0"

babel-plugin-transform-es2015-parameters@^6.8.0:
  version "6.23.0"
  resolved "https://r.cnpmjs.org/babel-plugin-transform-es2015-parameters/download/babel-plugin-transform-es2015-parameters-6.23.0.tgz#3a2aabb70c8af945d5ce386f1a4250625a83ae3b"
  dependencies:
    babel-helper-call-delegate "^6.22.0"
    babel-helper-get-function-arity "^6.22.0"
    babel-runtime "^6.22.0"
    babel-template "^6.23.0"
    babel-traverse "^6.23.0"
    babel-types "^6.23.0"

babel-plugin-transform-exponentiation-operator@^6.3.13:
  version "6.22.0"
  resolved "https://r.cnpmjs.org/babel-plugin-transform-exponentiation-operator/download/babel-plugin-transform-exponentiation-operator-6.22.0.tgz#d57c8335281918e54ef053118ce6eb108468084d"
  dependencies:
    babel-helper-builder-binary-assignment-operator-visitor "^6.22.0"
    babel-plugin-syntax-exponentiation-operator "^6.8.0"
    babel-runtime "^6.22.0"

babel-plugin-transform-strict-mode@^6.22.0:
  version "6.22.0"
  resolved "https://r.cnpmjs.org/babel-plugin-transform-strict-mode/download/babel-plugin-transform-strict-mode-6.22.0.tgz#e008df01340fdc87e959da65991b7e05970c8c7c"
  dependencies:
    babel-runtime "^6.22.0"
    babel-types "^6.22.0"

babel-polyfill@6.13.0:
  version "6.13.0"
  resolved "https://r.cnpmjs.org/babel-polyfill/download/babel-polyfill-6.13.0.tgz#5978215c25d49a697eb78afc54e63c9d3a73d5ec"
  dependencies:
    babel-runtime "^6.9.1"
    core-js "^2.4.0"
    regenerator-runtime "^0.9.5"

babel-preset-es2015-node6@0.3.0:
  version "0.3.0"
  resolved "https://r.cnpmjs.org/babel-preset-es2015-node6/download/babel-preset-es2015-node6-0.3.0.tgz#4288efd10eb43505c9df6c692b46b263d0459b92"
  dependencies:
    babel-plugin-transform-es2015-destructuring "^6.6.5"
    babel-plugin-transform-es2015-function-name "^6.5.0"
    babel-plugin-transform-es2015-modules-commonjs "^6.7.4"
    babel-plugin-transform-es2015-parameters "^6.8.0"

babel-preset-stage-3@6.5.0:
  version "6.5.0"
  resolved "https://r.cnpmjs.org/babel-preset-stage-3/download/babel-preset-stage-3-6.5.0.tgz#542dac58684dad1b0bc4aee85ba52851cc6e75cc"
  dependencies:
    babel-plugin-transform-async-to-generator "^6.3.13"
    babel-plugin-transform-exponentiation-operator "^6.3.13"

babel-register@^6.24.0, babel-register@^6.9.0:
  version "6.24.0"
  resolved "https://r.cnpmjs.org/babel-register/download/babel-register-6.24.0.tgz#5e89f8463ba9970356d02eb07dabe3308b080cfd"
  dependencies:
    babel-core "^6.24.0"
    babel-runtime "^6.22.0"
    core-js "^2.4.0"
    home-or-tmp "^2.0.0"
    lodash "^4.2.0"
    mkdirp "^0.5.1"
    source-map-support "^0.4.2"

babel-runtime@^6.22.0, babel-runtime@^6.9.1:
  version "6.23.0"
  resolved "https://r.cnpmjs.org/babel-runtime/download/babel-runtime-6.23.0.tgz#0a9489f144de70efb3ce4300accdb329e2fc543b"
  dependencies:
    core-js "^2.4.0"
    regenerator-runtime "^0.10.0"

babel-template@^6.22.0, babel-template@^6.23.0, babel-template@^6.9.0:
  version "6.23.0"
  resolved "https://r.cnpmjs.org/babel-template/download/babel-template-6.23.0.tgz#04d4f270adbb3aa704a8143ae26faa529238e638"
  dependencies:
    babel-runtime "^6.22.0"
    babel-traverse "^6.23.0"
    babel-types "^6.23.0"
    babylon "^6.11.0"
    lodash "^4.2.0"

babel-traverse@^6.13.0, babel-traverse@^6.22.0, babel-traverse@^6.23.0, babel-traverse@^6.23.1:
  version "6.23.1"
  resolved "https://r.cnpmjs.org/babel-traverse/download/babel-traverse-6.23.1.tgz#d3cb59010ecd06a97d81310065f966b699e14f48"
  dependencies:
    babel-code-frame "^6.22.0"
    babel-messages "^6.23.0"
    babel-runtime "^6.22.0"
    babel-types "^6.23.0"
    babylon "^6.15.0"
    debug "^2.2.0"
    globals "^9.0.0"
    invariant "^2.2.0"
    lodash "^4.2.0"

babel-types@^6.13.0, babel-types@^6.22.0, babel-types@^6.23.0:
  version "6.23.0"
  resolved "https://r.cnpmjs.org/babel-types/download/babel-types-6.23.0.tgz#bb17179d7538bad38cd0c9e115d340f77e7e9acf"
  dependencies:
    babel-runtime "^6.22.0"
    esutils "^2.0.2"
    lodash "^4.2.0"
    to-fast-properties "^1.0.1"

babylon@^6.11.0, babylon@^6.15.0, babylon@^6.7.0:
  version "6.16.1"
  resolved "https://r.cnpmjs.org/babylon/download/babylon-6.16.1.tgz#30c5a22f481978a9e7f8cdfdf496b11d94b404d3"

balanced-match@^0.4.1:
  version "0.4.2"
  resolved "https://r.cnpmjs.org/balanced-match/download/balanced-match-0.4.2.tgz#cb3f3e3c732dc0f01ee70b403f302e61d7709838"

brace-expansion@^1.0.0:
  version "1.1.6"
  resolved "https://r.cnpmjs.org/brace-expansion/download/brace-expansion-1.1.6.tgz#7197d7eaa9b87e648390ea61fc66c84427420df9"
  dependencies:
    balanced-match "^0.4.1"
    concat-map "0.0.1"

chalk@^1.1.0:
  version "1.1.3"
  resolved "https://r.cnpmjs.org/chalk/download/chalk-1.1.3.tgz#a8115c55e4a702fe4d150abd3872822a7e09fc98"
  dependencies:
    ansi-styles "^2.2.1"
    escape-string-regexp "^1.0.2"
    has-ansi "^2.0.0"
    strip-ansi "^3.0.0"
    supports-color "^2.0.0"

co@^4.6.0:
  version "4.6.0"
  resolved "https://r.cnpmjs.org/co/download/co-4.6.0.tgz#6ea6bdf3d853ae54ccb8e47bfa0bf3f9031fb184"

concat-map@0.0.1:
  version "0.0.1"
  resolved "https://r.cnpmjs.org/concat-map/download/concat-map-0.0.1.tgz#d8a96bd77fd68df7793a73036a3ba0d5405d477b"

content-disposition@~0.5.0:
  version "0.5.2"
  resolved "https://r.cnpmjs.org/content-disposition/download/content-disposition-0.5.2.tgz#0cf68bb9ddf5f2be7961c3a85178cb85dba78cb4"

content-type@^1.0.0:
  version "1.0.2"
  resolved "https://r.cnpmjs.org/content-type/download/content-type-1.0.2.tgz#b7d113aee7a8dd27bd21133c4dc2529df1721eed"

convert-source-map@^1.1.0:
  version "1.4.0"
  resolved "https://r.cnpmjs.org/convert-source-map/download/convert-source-map-1.4.0.tgz#e3dad195bf61bfe13a7a3c73e9876ec14a0268f3"

cookies@~0.6.1:
  version "0.6.2"
  resolved "https://r.cnpmjs.org/cookies/download/cookies-0.6.2.tgz#6ac1b052895208e8fc4c4f5f86a9ed31b9cb5ccf"
  dependencies:
    depd "~1.1.0"
    keygrip "~1.0.1"

core-js@^2.4.0:
  version "2.4.1"
  resolved "https://r.cnpmjs.org/core-js/download/core-js-2.4.1.tgz#4de911e667b0eae9124e34254b53aea6fc618d3e"

debug@*, debug@^2.1.1, debug@^2.2.0:
  version "2.6.2"
  resolved "https://r.cnpmjs.org/debug/download/debug-2.6.2.tgz#dfa96a861ee9b8c2f29349b3bcc41aa599a71e0f"
  dependencies:
    ms "0.7.2"

deep-equal@~1.0.0:
  version "1.0.1"
  resolved "https://r.cnpmjs.org/deep-equal/download/deep-equal-1.0.1.tgz#f5d260292b660e084eff4cdbc9f08ad3247448b5"

delegates@^1.0.0:
  version "1.0.0"
  resolved "https://r.cnpmjs.org/delegates/download/delegates-1.0.0.tgz#84c6e159b81904fdca59a0ef44cd870d31250f9a"

depd@1.1.0, depd@^1.1.0, depd@~1.1.0:
  version "1.1.0"
  resolved "https://r.cnpmjs.org/depd/download/depd-1.1.0.tgz#e1bd82c6aab6ced965b97b88b17ed3e528ca18c3"

destroy@^1.0.3:
  version "1.0.4"
  resolved "https://r.cnpmjs.org/destroy/download/destroy-1.0.4.tgz#978857442c44749e4206613e37946205826abd80"

detect-indent@^4.0.0:
  version "4.0.0"
  resolved "https://r.cnpmjs.org/detect-indent/download/detect-indent-4.0.0.tgz#f76d064352cdf43a1cb6ce619c4ee3a9475de208"
  dependencies:
    repeating "^2.0.0"

ee-first@1.1.1:
  version "1.1.1"
  resolved "https://r.cnpmjs.org/ee-first/download/ee-first-1.1.1.tgz#590c61156b0ae2f4f0255732a158b266bc56b21d"

error-inject@~1.0.0:
  version "1.0.0"
  resolved "https://r.cnpmjs.org/error-inject/download/error-inject-1.0.0.tgz#e2b3d91b54aed672f309d950d154850fa11d4f37"

escape-html@~1.0.1:
  version "1.0.3"
  resolved "https://r.cnpmjs.org/escape-html/download/escape-html-1.0.3.tgz#0258eae4d3d0c0974de1c169188ef0051d1d1988"

escape-string-regexp@^1.0.2:
  version "1.0.5"
  resolved "https://r.cnpmjs.org/escape-string-regexp/download/escape-string-regexp-1.0.5.tgz#1b61c0562190a8dff6ae3bb2cf0200ca130b86d4"

esutils@^2.0.2:
  version "2.0.2"
  resolved "https://r.cnpmjs.org/esutils/download/esutils-2.0.2.tgz#0abf4f1caa5bcb1f7a9d8acc6dea4faaa04bac9b"

follow-redirects@1.0.0:
  version "1.0.0"
  resolved "https://r.cnpmjs.org/follow-redirects/download/follow-redirects-1.0.0.tgz#8e34298cbd2e176f254effec75a1c78cc849fd37"
  dependencies:
    debug "^2.2.0"

fresh@^0.3.0:
  version "0.3.0"
  resolved "https://r.cnpmjs.org/fresh/download/fresh-0.3.0.tgz#651f838e22424e7566de161d8358caa199f83d4f"

globals@^9.0.0:
  version "9.16.0"
  resolved "https://r.cnpmjs.org/globals/download/globals-9.16.0.tgz#63e903658171ec2d9f51b1d31de5e2b8dc01fb80"

has-ansi@^2.0.0:
  version "2.0.0"
  resolved "https://r.cnpmjs.org/has-ansi/download/has-ansi-2.0.0.tgz#34f5049ce1ecdf2b0649af3ef24e45ed35416d91"
  dependencies:
    ansi-regex "^2.0.0"

home-or-tmp@^2.0.0:
  version "2.0.0"
  resolved "https://r.cnpmjs.org/home-or-tmp/download/home-or-tmp-2.0.0.tgz#e36c3f2d2cae7d746a857e38d18d5f32a7882db8"
  dependencies:
    os-homedir "^1.0.0"
    os-tmpdir "^1.0.1"

http-assert@^1.1.0:
  version "1.2.0"
  resolved "https://r.cnpmjs.org/http-assert/download/http-assert-1.2.0.tgz#d6392e6f6519def4e340266b35096db6d3feba00"
  dependencies:
    deep-equal "~1.0.0"
    http-errors "~1.4.0"

http-errors@^1.2.8:
  version "1.6.1"
  resolved "https://r.cnpmjs.org/http-errors/download/http-errors-1.6.1.tgz#5f8b8ed98aca545656bf572997387f904a722257"
  dependencies:
    depd "1.1.0"
    inherits "2.0.3"
    setprototypeof "1.0.3"
    statuses ">= 1.3.1 < 2"

http-errors@~1.4.0:
  version "1.4.0"
  resolved "https://r.cnpmjs.org/http-errors/download/http-errors-1.4.0.tgz#6c0242dea6b3df7afda153c71089b31c6e82aabf"
  dependencies:
    inherits "2.0.1"
    statuses ">= 1.2.1 < 2"

inherits@2.0.1:
  version "2.0.1"
  resolved "https://r.cnpmjs.org/inherits/download/inherits-2.0.1.tgz#b17d08d326b4423e568eff719f91b0b1cbdf69f1"

inherits@2.0.3:
  version "2.0.3"
  resolved "https://r.cnpmjs.org/inherits/download/inherits-2.0.3.tgz#633c2c83e3da42a502f52466022480f4208261de"

invariant@^2.2.0:
  version "2.2.2"
  resolved "https://r.cnpmjs.org/invariant/download/invariant-2.2.2.tgz#9e1f56ac0acdb6bf303306f338be3b204ae60360"
  dependencies:
    loose-envify "^1.0.0"

is-finite@^1.0.0:
  version "1.0.2"
  resolved "https://r.cnpmjs.org/is-finite/download/is-finite-1.0.2.tgz#cc6677695602be550ef11e8b4aa6305342b6d0aa"
  dependencies:
    number-is-nan "^1.0.0"

is-generator-function@^1.0.3:
  version "1.0.6"
  resolved "https://r.cnpmjs.org/is-generator-function/download/is-generator-function-1.0.6.tgz#9e71653cd15fff341c79c4151460a131d31e9fc4"

js-tokens@^3.0.0:
  version "3.0.1"
  resolved "https://r.cnpmjs.org/js-tokens/download/js-tokens-3.0.1.tgz#08e9f132484a2c45a30907e9dc4d5567b7f114d7"

jsesc@^1.3.0:
  version "1.3.0"
  resolved "https://r.cnpmjs.org/jsesc/download/jsesc-1.3.0.tgz#46c3fec8c1892b12b0833db9bc7622176dbab34b"

json5@^0.4.0:
  version "0.4.0"
  resolved "https://r.cnpmjs.org/json5/download/json5-0.4.0.tgz#054352e4c4c80c86c0923877d449de176a732c8d"

json5@^0.5.0:
  version "0.5.1"
  resolved "https://r.cnpmjs.org/json5/download/json5-0.5.1.tgz#1eade7acc012034ad84e2396767ead9fa5495821"

keygrip@~1.0.1:
  version "1.0.1"
  resolved "https://r.cnpmjs.org/keygrip/download/keygrip-1.0.1.tgz#b02fa4816eef21a8c4b35ca9e52921ffc89a30e9"

koa-compose@^3.0.0:
  version "3.2.1"
  resolved "https://r.cnpmjs.org/koa-compose/download/koa-compose-3.2.1.tgz#a85ccb40b7d986d8e5a345b3a1ace8eabcf54de7"
  dependencies:
    any-promise "^1.1.0"

koa-convert@^1.2.0:
  version "1.2.0"
  resolved "https://r.cnpmjs.org/koa-convert/download/koa-convert-1.2.0.tgz#da40875df49de0539098d1700b50820cebcd21d0"
  dependencies:
    co "^4.6.0"
    koa-compose "^3.0.0"

koa-is-json@^1.0.0:
  version "1.0.0"
  resolved "https://r.cnpmjs.org/koa-is-json/download/koa-is-json-1.0.0.tgz#273c07edcdcb8df6a2c1ab7d59ee76491451ec14"

koa@2.0.0:
  version "2.0.0"
  resolved "https://r.cnpmjs.org/koa/download/koa-2.0.0.tgz#da865ae8ee4afae070425290455d2cdf4885f9dc"
  dependencies:
    accepts "^1.2.2"
    content-disposition "~0.5.0"
    content-type "^1.0.0"
    cookies "~0.6.1"
    debug "*"
    delegates "^1.0.0"
    depd "^1.1.0"
    destroy "^1.0.3"
    error-inject "~1.0.0"
    escape-html "~1.0.1"
    fresh "^0.3.0"
    http-assert "^1.1.0"
    http-errors "^1.2.8"
    is-generator-function "^1.0.3"
    koa-compose "^3.0.0"
    koa-convert "^1.2.0"
    koa-is-json "^1.0.0"
    mime-types "^2.0.7"
    on-finished "^2.1.0"
    only "0.0.2"
    parseurl "^1.3.0"
    statuses "^1.2.0"
    type-is "^1.5.5"
    vary "^1.0.0"

lodash@^4.2.0:
  version "4.17.4"
  resolved "https://r.cnpmjs.org/lodash/download/lodash-4.17.4.tgz#78203a4d1c328ae1d86dca6460e369b57f4055ae"

loose-envify@^1.0.0:
  version "1.3.1"
  resolved "https://r.cnpmjs.org/loose-envify/download/loose-envify-1.3.1.tgz#d1a8ad33fa9ce0e713d65fdd0ac8b748d478c848"
  dependencies:
    js-tokens "^3.0.0"

media-typer@0.3.0:
  version "0.3.0"
  resolved "https://r.cnpmjs.org/media-typer/download/media-typer-0.3.0.tgz#8710d7af0aa626f8fffa1ce00168545263255748"

mime-db@~1.26.0:
  version "1.26.0"
  resolved "https://r.cnpmjs.org/mime-db/download/mime-db-1.26.0.tgz#eaffcd0e4fc6935cf8134da246e2e6c35305adff"

mime-types@^2.0.7, mime-types@~2.1.11, mime-types@~2.1.13:
  version "2.1.14"
  resolved "https://r.cnpmjs.org/mime-types/download/mime-types-2.1.14.tgz#f7ef7d97583fcaf3b7d282b6f8b5679dab1e94ee"
  dependencies:
    mime-db "~1.26.0"

minimatch@^3.0.2:
  version "3.0.3"
  resolved "https://r.cnpmjs.org/minimatch/download/minimatch-3.0.3.tgz#2a4e4090b96b2db06a9d7df01055a62a77c9b774"
  dependencies:
    brace-expansion "^1.0.0"

minimist@0.0.8:
  version "0.0.8"
  resolved "https://r.cnpmjs.org/minimist/download/minimist-0.0.8.tgz#857fcabfc3397d2625b8228262e86aa7a011b05d"

mkdirp@^0.5.1:
  version "0.5.1"
  resolved "https://r.cnpmjs.org/mkdirp/download/mkdirp-0.5.1.tgz#30057438eac6cf7f8c4767f38648d6697d75c903"
  dependencies:
    minimist "0.0.8"

ms@0.7.2:
  version "0.7.2"
  resolved "https://r.cnpmjs.org/ms/download/ms-0.7.2.tgz#ae25cf2512b3885a1d95d7f037868d8431124765"

negotiator@0.6.1:
  version "0.6.1"
  resolved "https://r.cnpmjs.org/negotiator/download/negotiator-0.6.1.tgz#2b327184e8992101177b28563fb5e7102acd0ca9"

number-is-nan@^1.0.0:
  version "1.0.1"
  resolved "https://r.cnpmjs.org/number-is-nan/download/number-is-nan-1.0.1.tgz#097b602b53422a522c1afb8790318336941a011d"

on-finished@^2.1.0:
  version "2.3.0"
  resolved "https://r.cnpmjs.org/on-finished/download/on-finished-2.3.0.tgz#20f1336481b083cd75337992a16971aa2d906947"
  dependencies:
    ee-first "1.1.1"

only@0.0.2:
  version "0.0.2"
  resolved "https://r.cnpmjs.org/only/download/only-0.0.2.tgz#2afde84d03e50b9a8edc444e30610a70295edfb4"

options@>=0.0.5:
  version "0.0.6"
  resolved "https://r.cnpmjs.org/options/download/options-0.0.6.tgz#ec22d312806bb53e731773e7cdaefcf1c643128f"

os-homedir@^1.0.0:
  version "1.0.2"
  resolved "https://r.cnpmjs.org/os-homedir/download/os-homedir-1.0.2.tgz#ffbc4988336e0e833de0c168c7ef152121aa7fb3"

os-tmpdir@^1.0.1:
  version "1.0.2"
  resolved "https://r.cnpmjs.org/os-tmpdir/download/os-tmpdir-1.0.2.tgz#bbe67406c79aa85c5cfec766fe5734555dfa1274"

parseurl@^1.3.0:
  version "1.3.1"
  resolved "https://r.cnpmjs.org/parseurl/download/parseurl-1.3.1.tgz#c8ab8c9223ba34888aa64a297b28853bec18da56"

path-exists@^1.0.0:
  version "1.0.0"
  resolved "https://r.cnpmjs.org/path-exists/download/path-exists-1.0.0.tgz#d5a8998eb71ef37a74c34eb0d9eba6e878eea081"

path-is-absolute@^1.0.0:
  version "1.0.1"
  resolved "https://r.cnpmjs.org/path-is-absolute/download/path-is-absolute-1.0.1.tgz#174b9268735534ffbc7ace6bf53a5a9e1b5c5f5f"

private@^0.1.6:
  version "0.1.7"
  resolved "https://r.cnpmjs.org/private/download/private-0.1.7.tgz#68ce5e8a1ef0a23bb570cc28537b5332aba63ef1"

regenerator-runtime@^0.10.0:
  version "0.10.3"
  resolved "https://r.cnpmjs.org/regenerator-runtime/download/regenerator-runtime-0.10.3.tgz#8c4367a904b51ea62a908ac310bf99ff90a82a3e"

regenerator-runtime@^0.9.5:
  version "0.9.6"
  resolved "https://r.cnpmjs.org/regenerator-runtime/download/regenerator-runtime-0.9.6.tgz#d33eb95d0d2001a4be39659707c51b0cb71ce029"

repeating@^2.0.0:
  version "2.0.1"
  resolved "https://r.cnpmjs.org/repeating/download/repeating-2.0.1.tgz#5214c53a926d3552707527fbab415dbc08d06dda"
  dependencies:
    is-finite "^1.0.0"

setprototypeof@1.0.3:
  version "1.0.3"
  resolved "https://r.cnpmjs.org/setprototypeof/download/setprototypeof-1.0.3.tgz#66567e37043eeb4f04d91bd658c0cbefb55b8e04"

shebang-regex@^1.0.0:
  version "1.0.0"
  resolved "https://r.cnpmjs.org/shebang-regex/download/shebang-regex-1.0.0.tgz#da42f49740c0b42db2ca9728571cb190c98efea3"

slash@^1.0.0:
  version "1.0.0"
  resolved "https://r.cnpmjs.org/slash/download/slash-1.0.0.tgz#c41f2f6c39fc16d1cd17ad4b5d896114ae470d55"

source-map-support@^0.4.2:
  version "0.4.11"
  resolved "https://r.cnpmjs.org/source-map-support/download/source-map-support-0.4.11.tgz#647f939978b38535909530885303daf23279f322"
  dependencies:
    source-map "^0.5.3"

source-map@^0.5.0, source-map@^0.5.3:
  version "0.5.6"
  resolved "https://r.cnpmjs.org/source-map/download/source-map-0.5.6.tgz#75ce38f52bf0733c5a7f0c118d81334a2bb5f412"

"statuses@>= 1.2.1 < 2", "statuses@>= 1.3.1 < 2", statuses@^1.2.0:
  version "1.3.1"
  resolved "https://r.cnpmjs.org/statuses/download/statuses-1.3.1.tgz#faf51b9eb74aaef3b3acf4ad5f61abf24cb7b93e"

strip-ansi@^3.0.0:
  version "3.0.1"
  resolved "https://r.cnpmjs.org/strip-ansi/download/strip-ansi-3.0.1.tgz#6a385fb8853d952d5ff05d0e8aaf94278dc63dcf"
  dependencies:
    ansi-regex "^2.0.0"

supports-color@^2.0.0:
  version "2.0.0"
  resolved "https://r.cnpmjs.org/supports-color/download/supports-color-2.0.0.tgz#535d045ce6b6363fa40117084629995e9df324c7"

to-fast-properties@^1.0.1:
  version "1.0.2"
  resolved "https://r.cnpmjs.org/to-fast-properties/download/to-fast-properties-1.0.2.tgz#f3f5c0c3ba7299a7ef99427e44633257ade43320"

trim-right@^1.0.1:
  version "1.0.1"
  resolved "https://r.cnpmjs.org/trim-right/download/trim-right-1.0.1.tgz#cb2e1203067e0c8de1f614094b9fe45704ea6003"

type-is@^1.5.5:
  version "1.6.14"
  resolved "https://r.cnpmjs.org/type-is/download/type-is-1.6.14.tgz#e219639c17ded1ca0789092dd54a03826b817cb2"
  dependencies:
    media-typer "0.3.0"
    mime-types "~2.1.13"

ultron@1.0.x:
  version "1.0.2"
  resolved "https://r.cnpmjs.org/ultron/download/ultron-1.0.2.tgz#ace116ab557cd197386a4e88f4685378c8b2e4fa"

vary@^1.0.0:
  version "1.1.0"
  resolved "https://r.cnpmjs.org/vary/download/vary-1.1.0.tgz#e1e5affbbd16ae768dd2674394b9ad3022653140"

ws@1.1.1:
  version "1.1.1"
  resolved "https://r.cnpmjs.org/ws/download/ws-1.1.1.tgz#082ddb6c641e85d4bb451f03d52f06eabdb1f018"
  dependencies:
    options ">=0.0.5"
    ultron "1.0.x"
